
Microsoft Visual Studio Solution File, Format Version 12.00
# Visual Studio Version 17
VisualStudioVersion = 17.7.34221.43
MinimumVisualStudioVersion = 10.0.40219.1
Project("{9A19103F-16F7-4668-BE54-9A1E7A4F7556}") = "ManagedScripts", "ManagedScripts.csproj", "{E8AE7152-15AE-42B9-9628-ABB56BCFABD4}"
EndProject
Global
	GlobalSection(SolutionConfigurationPlatforms) = preSolution
		Debug|x64 = Debug|x64
		Release|x64 = Release|x64
	EndGlobalSection
	GlobalSection(ProjectConfigurationPlatforms) = postSolution
		{E8AE7152-15AE-42B9-9628-ABB56BCFABD4}.Debug|x64.ActiveCfg = Debug|x64
		{E8AE7152-15AE-42B9-9628-ABB56BCFABD4}.Debug|x64.Build.0 = Debug|x64
		{E8AE7152-15AE-42B9-9628-ABB56BCFABD4}.Release|x64.ActiveCfg = Release|x64
		{E8AE7152-15AE-42B9-9628-ABB56BCFABD4}.Release|x64.Build.0 = Release|x64
	EndGlobalSection
	GlobalSection(SolutionProperties) = preSolution
		HideSolutionNode = FALSE
	EndGlobalSection
	GlobalSection(ExtensibilityGlobals) = postSolution
		SolutionGuid = {A534D9A5-AB3D-41B6-962D-D5D481A5A1B9}
	EndGlobalSection
EndGlobal
