
Microsoft Visual Studio Solution File, Format Version 12.00
# Visual Studio Version 17
VisualStudioVersion = 17.7.34202.233
MinimumVisualStudioVersion = 10.0.40219.1
Project("{9A19103F-16F7-4668-BE54-9A1E7A4F7556}") = "ManagedScripts", "ManagedScripts.csproj", "{B39EBBA3-7645-4A02-BD2A-C87E325B6547}"
EndProject
Global
	GlobalSection(SolutionConfigurationPlatforms) = preSolution
		Debug|x64 = Debug|x64
		Release|x64 = Release|x64
	EndGlobalSection
	GlobalSection(ProjectConfigurationPlatforms) = postSolution
		{B39EBBA3-7645-4A02-BD2A-C87E325B6547}.Debug|x64.ActiveCfg = Debug|x64
		{B39EBBA3-7645-4A02-BD2A-C87E325B6547}.Debug|x64.Build.0 = Debug|x64
		{B39EBBA3-7645-4A02-BD2A-C87E325B6547}.Release|x64.ActiveCfg = Release|x64
		{B39EBBA3-7645-4A02-BD2A-C87E325B6547}.Release|x64.Build.0 = Release|x64
	EndGlobalSection
	GlobalSection(SolutionProperties) = preSolution
		HideSolutionNode = FALSE
	EndGlobalSection
	GlobalSection(ExtensibilityGlobals) = postSolution
		SolutionGuid = {455AD153-382B-43BB-A670-337A3A0C6835}
	EndGlobalSection
EndGlobal
