
Microsoft Visual Studio Solution File, Format Version 12.00
# Visual Studio Version 17
VisualStudioVersion = 17.6.33829.357
MinimumVisualStudioVersion = 10.0.40219.1
Project("{8BC9CEB8-8B4A-11D0-8D11-00A0C91BC942}") = "GAM300Engine", "GAM300Engine\GAM300Engine.vcxproj", "{1956521E-F3B1-47CE-A25E-F9E4AA9598E0}"
EndProject
Project("{8BC9CEB8-8B4A-11D0-8D11-00A0C91BC942}") = "GAM300Editor", "GAM300Editor\GAM300Editor.vcxproj", "{293CFF31-8A8F-4235-8696-815F3DB23025}"
	ProjectSection(ProjectDependencies) = postProject
		{1956521E-F3B1-47CE-A25E-F9E4AA9598E0} = {1956521E-F3B1-47CE-A25E-F9E4AA9598E0}
	EndProjectSection
EndProject
Project("{8BC9CEB8-8B4A-11D0-8D11-00A0C91BC942}") = "GAM300Game", "GAM300Game\GAM300Game.vcxproj", "{C5CB13D2-28BA-45F2-A47D-715EFD30966F}"
	ProjectSection(ProjectDependencies) = postProject
		{1956521E-F3B1-47CE-A25E-F9E4AA9598E0} = {1956521E-F3B1-47CE-A25E-F9E4AA9598E0}
		{EF52ABF8-B02A-4344-BD06-3DC8CB1331F7} = {EF52ABF8-B02A-4344-BD06-3DC8CB1331F7}
	EndProjectSection
EndProject
Project("{2150E333-8FDC-42A3-9474-1A3956D46DE8}") = "Solution Items", "Solution Items", "{411485A8-CF50-4888-9D60-65F6E9DF5471}"
	ProjectSection(SolutionItems) = preProject
		GAM300Engine\READMEBYELTON(SERIOUSLY READ IT).txt = GAM300Engine\READMEBYELTON(SERIOUSLY READ IT).txt
	EndProjectSection
EndProject
Project("{8BC9CEB8-8B4A-11D0-8D11-00A0C91BC942}") = "ScriptAPI", "ScriptAPI\ScriptAPI.vcxproj", "{EF52ABF8-B02A-4344-BD06-3DC8CB1331F7}"
EndProject
Global
	GlobalSection(SolutionConfigurationPlatforms) = preSolution
		Debug|Any CPU = Debug|Any CPU
		Debug|ARM = Debug|ARM
		Debug|ARM64 = Debug|ARM64
		Debug|x64 = Debug|x64
		Debug|x86 = Debug|x86
		Release|Any CPU = Release|Any CPU
		Release|ARM = Release|ARM
		Release|ARM64 = Release|ARM64
		Release|x64 = Release|x64
		Release|x86 = Release|x86
	EndGlobalSection
	GlobalSection(ProjectConfigurationPlatforms) = postSolution
		{1956521E-F3B1-47CE-A25E-F9E4AA9598E0}.Debug|Any CPU.ActiveCfg = Debug|x64
		{1956521E-F3B1-47CE-A25E-F9E4AA9598E0}.Debug|Any CPU.Build.0 = Debug|x64
		{1956521E-F3B1-47CE-A25E-F9E4AA9598E0}.Debug|ARM.ActiveCfg = Debug|x64
		{1956521E-F3B1-47CE-A25E-F9E4AA9598E0}.Debug|ARM.Build.0 = Debug|x64
		{1956521E-F3B1-47CE-A25E-F9E4AA9598E0}.Debug|ARM64.ActiveCfg = Debug|x64
		{1956521E-F3B1-47CE-A25E-F9E4AA9598E0}.Debug|ARM64.Build.0 = Debug|x64
		{1956521E-F3B1-47CE-A25E-F9E4AA9598E0}.Debug|x64.ActiveCfg = Debug|x64
		{1956521E-F3B1-47CE-A25E-F9E4AA9598E0}.Debug|x64.Build.0 = Debug|x64
		{1956521E-F3B1-47CE-A25E-F9E4AA9598E0}.Debug|x86.ActiveCfg = Debug|Win32
		{1956521E-F3B1-47CE-A25E-F9E4AA9598E0}.Debug|x86.Build.0 = Debug|Win32
		{1956521E-F3B1-47CE-A25E-F9E4AA9598E0}.Release|Any CPU.ActiveCfg = Release|x64
		{1956521E-F3B1-47CE-A25E-F9E4AA9598E0}.Release|Any CPU.Build.0 = Release|x64
		{1956521E-F3B1-47CE-A25E-F9E4AA9598E0}.Release|ARM.ActiveCfg = Release|x64
		{1956521E-F3B1-47CE-A25E-F9E4AA9598E0}.Release|ARM.Build.0 = Release|x64
		{1956521E-F3B1-47CE-A25E-F9E4AA9598E0}.Release|ARM64.ActiveCfg = Release|x64
		{1956521E-F3B1-47CE-A25E-F9E4AA9598E0}.Release|ARM64.Build.0 = Release|x64
		{1956521E-F3B1-47CE-A25E-F9E4AA9598E0}.Release|x64.ActiveCfg = Release|x64
		{1956521E-F3B1-47CE-A25E-F9E4AA9598E0}.Release|x64.Build.0 = Release|x64
		{1956521E-F3B1-47CE-A25E-F9E4AA9598E0}.Release|x86.ActiveCfg = Release|Win32
		{1956521E-F3B1-47CE-A25E-F9E4AA9598E0}.Release|x86.Build.0 = Release|Win32
		{293CFF31-8A8F-4235-8696-815F3DB23025}.Debug|Any CPU.ActiveCfg = Debug|x64
		{293CFF31-8A8F-4235-8696-815F3DB23025}.Debug|Any CPU.Build.0 = Debug|x64
		{293CFF31-8A8F-4235-8696-815F3DB23025}.Debug|ARM.ActiveCfg = Debug|x64
		{293CFF31-8A8F-4235-8696-815F3DB23025}.Debug|ARM.Build.0 = Debug|x64
		{293CFF31-8A8F-4235-8696-815F3DB23025}.Debug|ARM64.ActiveCfg = Debug|x64
		{293CFF31-8A8F-4235-8696-815F3DB23025}.Debug|ARM64.Build.0 = Debug|x64
		{293CFF31-8A8F-4235-8696-815F3DB23025}.Debug|x64.ActiveCfg = Debug|x64
		{293CFF31-8A8F-4235-8696-815F3DB23025}.Debug|x64.Build.0 = Debug|x64
		{293CFF31-8A8F-4235-8696-815F3DB23025}.Debug|x86.ActiveCfg = Debug|Win32
		{293CFF31-8A8F-4235-8696-815F3DB23025}.Debug|x86.Build.0 = Debug|Win32
		{293CFF31-8A8F-4235-8696-815F3DB23025}.Release|Any CPU.ActiveCfg = Release|x64
		{293CFF31-8A8F-4235-8696-815F3DB23025}.Release|Any CPU.Build.0 = Release|x64
		{293CFF31-8A8F-4235-8696-815F3DB23025}.Release|ARM.ActiveCfg = Release|x64
		{293CFF31-8A8F-4235-8696-815F3DB23025}.Release|ARM.Build.0 = Release|x64
		{293CFF31-8A8F-4235-8696-815F3DB23025}.Release|ARM64.ActiveCfg = Release|x64
		{293CFF31-8A8F-4235-8696-815F3DB23025}.Release|ARM64.Build.0 = Release|x64
		{293CFF31-8A8F-4235-8696-815F3DB23025}.Release|x64.ActiveCfg = Release|x64
		{293CFF31-8A8F-4235-8696-815F3DB23025}.Release|x64.Build.0 = Release|x64
		{293CFF31-8A8F-4235-8696-815F3DB23025}.Release|x86.ActiveCfg = Release|Win32
		{293CFF31-8A8F-4235-8696-815F3DB23025}.Release|x86.Build.0 = Release|Win32
		{C5CB13D2-28BA-45F2-A47D-715EFD30966F}.Debug|Any CPU.ActiveCfg = Debug|x64
		{C5CB13D2-28BA-45F2-A47D-715EFD30966F}.Debug|Any CPU.Build.0 = Debug|x64
		{C5CB13D2-28BA-45F2-A47D-715EFD30966F}.Debug|ARM.ActiveCfg = Debug|x64
		{C5CB13D2-28BA-45F2-A47D-715EFD30966F}.Debug|ARM.Build.0 = Debug|x64
		{C5CB13D2-28BA-45F2-A47D-715EFD30966F}.Debug|ARM64.ActiveCfg = Debug|x64
		{C5CB13D2-28BA-45F2-A47D-715EFD30966F}.Debug|ARM64.Build.0 = Debug|x64
		{C5CB13D2-28BA-45F2-A47D-715EFD30966F}.Debug|x64.ActiveCfg = Debug|x64
		{C5CB13D2-28BA-45F2-A47D-715EFD30966F}.Debug|x64.Build.0 = Debug|x64
		{C5CB13D2-28BA-45F2-A47D-715EFD30966F}.Debug|x86.ActiveCfg = Debug|Win32
		{C5CB13D2-28BA-45F2-A47D-715EFD30966F}.Debug|x86.Build.0 = Debug|Win32
		{C5CB13D2-28BA-45F2-A47D-715EFD30966F}.Release|Any CPU.ActiveCfg = Release|x64
		{C5CB13D2-28BA-45F2-A47D-715EFD30966F}.Release|Any CPU.Build.0 = Release|x64
		{C5CB13D2-28BA-45F2-A47D-715EFD30966F}.Release|ARM.ActiveCfg = Release|x64
		{C5CB13D2-28BA-45F2-A47D-715EFD30966F}.Release|ARM.Build.0 = Release|x64
		{C5CB13D2-28BA-45F2-A47D-715EFD30966F}.Release|ARM64.ActiveCfg = Release|x64
		{C5CB13D2-28BA-45F2-A47D-715EFD30966F}.Release|ARM64.Build.0 = Release|x64
		{C5CB13D2-28BA-45F2-A47D-715EFD30966F}.Release|x64.ActiveCfg = Release|x64
		{C5CB13D2-28BA-45F2-A47D-715EFD30966F}.Release|x64.Build.0 = Release|x64
		{C5CB13D2-28BA-45F2-A47D-715EFD30966F}.Release|x86.ActiveCfg = Release|Win32
		{C5CB13D2-28BA-45F2-A47D-715EFD30966F}.Release|x86.Build.0 = Release|Win32
		{EF52ABF8-B02A-4344-BD06-3DC8CB1331F7}.Debug|Any CPU.ActiveCfg = Debug|x64
		{EF52ABF8-B02A-4344-BD06-3DC8CB1331F7}.Debug|Any CPU.Build.0 = Debug|x64
		{EF52ABF8-B02A-4344-BD06-3DC8CB1331F7}.Debug|ARM.ActiveCfg = Debug|x64
		{EF52ABF8-B02A-4344-BD06-3DC8CB1331F7}.Debug|ARM.Build.0 = Debug|x64
		{EF52ABF8-B02A-4344-BD06-3DC8CB1331F7}.Debug|ARM64.ActiveCfg = Debug|x64
		{EF52ABF8-B02A-4344-BD06-3DC8CB1331F7}.Debug|ARM64.Build.0 = Debug|x64
		{EF52ABF8-B02A-4344-BD06-3DC8CB1331F7}.Debug|x64.ActiveCfg = Debug|x64
		{EF52ABF8-B02A-4344-BD06-3DC8CB1331F7}.Debug|x64.Build.0 = Debug|x64
		{EF52ABF8-B02A-4344-BD06-3DC8CB1331F7}.Debug|x86.ActiveCfg = Debug|Win32
		{EF52ABF8-B02A-4344-BD06-3DC8CB1331F7}.Debug|x86.Build.0 = Debug|Win32
		{EF52ABF8-B02A-4344-BD06-3DC8CB1331F7}.Release|Any CPU.ActiveCfg = Release|x64
		{EF52ABF8-B02A-4344-BD06-3DC8CB1331F7}.Release|Any CPU.Build.0 = Release|x64
		{EF52ABF8-B02A-4344-BD06-3DC8CB1331F7}.Release|ARM.ActiveCfg = Release|x64
		{EF52ABF8-B02A-4344-BD06-3DC8CB1331F7}.Release|ARM.Build.0 = Release|x64
		{EF52ABF8-B02A-4344-BD06-3DC8CB1331F7}.Release|ARM64.ActiveCfg = Release|x64
		{EF52ABF8-B02A-4344-BD06-3DC8CB1331F7}.Release|ARM64.Build.0 = Release|x64
		{EF52ABF8-B02A-4344-BD06-3DC8CB1331F7}.Release|x64.ActiveCfg = Release|x64
		{EF52ABF8-B02A-4344-BD06-3DC8CB1331F7}.Release|x64.Build.0 = Release|x64
		{EF52ABF8-B02A-4344-BD06-3DC8CB1331F7}.Release|x86.ActiveCfg = Release|Win32
		{EF52ABF8-B02A-4344-BD06-3DC8CB1331F7}.Release|x86.Build.0 = Release|Win32
	EndGlobalSection
	GlobalSection(SolutionProperties) = preSolution
		HideSolutionNode = FALSE
	EndGlobalSection
	GlobalSection(ExtensibilityGlobals) = postSolution
		SolutionGuid = {F8AB998B-F15E-435D-B79F-0D702FCF2083}
	EndGlobalSection
EndGlobal
