<?xml version="1.0" encoding="utf-8"?>
<Project ToolsVersion="4.0" xmlns="http://schemas.microsoft.com/developer/msbuild/2003">
  <ItemGroup>
    <Filter Include="Source Files">
      <UniqueIdentifier>{4FC737F1-C7A5-4376-A066-2A32D752A2FF}</UniqueIdentifier>
      <Extensions>cpp;c;cc;cxx;c++;cppm;ixx;def;odl;idl;hpj;bat;asm;asmx</Extensions>
    </Filter>
    <Filter Include="Header Files">
      <UniqueIdentifier>{93995380-89BD-4b04-88EB-625FBE52EBFB}</UniqueIdentifier>
      <Extensions>h;hh;hpp;hxx;h++;hm;inl;inc;ipp;xsd</Extensions>
    </Filter>
    <Filter Include="Resource Files">
      <UniqueIdentifier>{67DA6AB6-F800-4c08-8B7A-83BB121AAD01}</UniqueIdentifier>
      <Extensions>rc;ico;cur;bmp;dlg;rc2;rct;bin;rgs;gif;jpg;jpeg;jpe;resx;tiff;tif;png;wav;mfcribbon-ms</Extensions>
    </Filter>
  </ItemGroup>
  <ItemGroup>
    <ClInclude Include="EngineInterface.hxx">
      <Filter>Header Files</Filter>
    </ClInclude>
    <ClInclude Include="Script.hxx">
      <Filter>Header Files</Filter>
    </ClInclude>
    <ClInclude Include="Components\TransformComponent.hxx">
      <Filter>Header Files</Filter>
    </ClInclude>
    <ClInclude Include="Vector3.hxx">
      <Filter>Header Files</Filter>
    </ClInclude>
    <ClInclude Include="IncludeFromEngine.hxx">
      <Filter>Header Files</Filter>
    </ClInclude>
    <ClInclude Include="Components\NameTagComponent.hxx">
      <Filter>Header Files</Filter>
    </ClInclude>
    <ClInclude Include="Debug.hxx">
      <Filter>Header Files</Filter>
    </ClInclude>
    <ClInclude Include="Components\BoxColliderComponent.hxx">
      <Filter>Header Files</Filter>
    </ClInclude>
    <ClInclude Include="Components\CapsuleColliderComponent.hxx">
      <Filter>Header Files</Filter>
    </ClInclude>
    <ClInclude Include="Components\SphereColliderComponent.hxx">
      <Filter>Header Files</Filter>
    </ClInclude>
    <ClInclude Include="TypeConversion.hxx">
      <Filter>Header Files</Filter>
    </ClInclude>
    <ClInclude Include="HelperFunctions.hxx">
      <Filter>Header Files</Filter>
    </ClInclude>
    <ClInclude Include="GameObject.hxx">
      <Filter>Header Files</Filter>
    </ClInclude>
    <ClInclude Include="Input.hxx">
      <Filter>Header Files</Filter>
    </ClInclude>
    <ClInclude Include="Components\RigidBodyComponent.hxx">
      <Filter>Header Files</Filter>
    </ClInclude>
    <ClInclude Include="Vector4.hxx">
      <Filter>Header Files</Filter>
    </ClInclude>
    <ClInclude Include="CustomAttributeHeaders.hxx">
      <Filter>Header Files</Filter>
    </ClInclude>
    <ClInclude Include="Components\CameraComponent.hxx">
      <Filter>Header Files</Filter>
    </ClInclude>
    <ClInclude Include="Components\ComponentBase.hxx">
      <Filter>Header Files</Filter>
    </ClInclude>
    <ClInclude Include="Mathf.hxx">
      <Filter>Header Files</Filter>
    </ClInclude>
    <ClInclude Include="Quaternion.hxx">
      <Filter>Header Files</Filter>
    </ClInclude>
    <ClInclude Include="Cursor.hxx">
      <Filter>Header Files</Filter>
    </ClInclude>
    <ClInclude Include="GraphicsMgrWrapper.hxx">
      <Filter>Header Files</Filter>
    </ClInclude>
    <ClInclude Include="SceneLoader.hxx">
      <Filter>Header Files</Filter>
    </ClInclude>
    <ClInclude Include="Screen.hxx">
      <Filter>Header Files</Filter>
    </ClInclude>
    <ClInclude Include="Vector2.hxx">
      <Filter>Header Files</Filter>
    </ClInclude>
    <ClInclude Include="Components\AudioComponent.hxx">
      <Filter>Header Files</Filter>
    </ClInclude>
    <ClInclude Include="Audio.hxx">
      <Filter>Header Files</Filter>
    </ClInclude>
    <ClInclude Include="Components\UISpriteComponent.hxx">
      <Filter>Header Files</Filter>
    </ClInclude>
    <ClInclude Include="JsonUtility.hxx">
      <Filter>Header Files</Filter>
    </ClInclude>
    <ClInclude Include="Random.hxx">
      <Filter>Header Files</Filter>
    </ClInclude>
    <ClInclude Include="UIPopUp.hxx">
      <Filter>Header Files</Filter>
    </ClInclude>
    <ClInclude Include="Components\GraphicComponent.hxx">
      <Filter>Header Files</Filter>
    </ClInclude>
    <ClInclude Include="Serialization.hxx">
      <Filter>Header Files</Filter>
    </ClInclude>
    <ClInclude Include="Components\ColliderComponent.hxx">
      <Filter>Header Files</Filter>
    </ClInclude>
  </ItemGroup>
  <ItemGroup>
    <ClCompile Include="EngineInterface.cxx">
      <Filter>Source Files</Filter>
    </ClCompile>
    <ClCompile Include="Components\TransformComponent.cxx">
      <Filter>Source Files</Filter>
    </ClCompile>
    <ClCompile Include="Script.cxx">
      <Filter>Source Files</Filter>
    </ClCompile>
    <ClCompile Include="Vector3.cxx">
      <Filter>Source Files</Filter>
    </ClCompile>
    <ClCompile Include="Components\NameTagComponent.cxx">
      <Filter>Source Files</Filter>
    </ClCompile>
    <ClCompile Include="Components\BoxColliderComponent.cxx">
      <Filter>Source Files</Filter>
    </ClCompile>
    <ClCompile Include="Components\CapsuleColliderComponent.cxx">
      <Filter>Source Files</Filter>
    </ClCompile>
    <ClCompile Include="Components\SphereColliderComponent.cxx">
      <Filter>Source Files</Filter>
    </ClCompile>
    <ClCompile Include="TypeConversion.cxx">
      <Filter>Source Files</Filter>
    </ClCompile>
    <ClCompile Include="GameObject.cxx">
      <Filter>Source Files</Filter>
    </ClCompile>
    <ClCompile Include="Input.cxx">
      <Filter>Source Files</Filter>
    </ClCompile>
    <ClCompile Include="Components\RigidBodyComponent.cxx">
      <Filter>Source Files</Filter>
    </ClCompile>
    <ClCompile Include="Vector4.cxx">
      <Filter>Source Files</Filter>
    </ClCompile>
    <ClCompile Include="Components\CameraComponent.cxx">
      <Filter>Source Files</Filter>
    </ClCompile>
    <ClCompile Include="Mathf.cxx">
      <Filter>Source Files</Filter>
    </ClCompile>
    <ClCompile Include="Time.hxx">
      <Filter>Source Files</Filter>
    </ClCompile>
    <ClCompile Include="Quaternion.cxx">
      <Filter>Source Files</Filter>
    </ClCompile>
    <ClCompile Include="Cursor.cxx">
      <Filter>Source Files</Filter>
    </ClCompile>
    <ClCompile Include="GraphicsMgrWrapper.cxx">
      <Filter>Source Files</Filter>
    </ClCompile>
    <ClCompile Include="SceneLoader.cxx">
      <Filter>Source Files</Filter>
    </ClCompile>
    <ClCompile Include="Screen.cxx">
      <Filter>Source Files</Filter>
    </ClCompile>
    <ClCompile Include="Vector2.cxx">
      <Filter>Source Files</Filter>
    </ClCompile>
    <ClCompile Include="Components\AudioComponent.cxx">
      <Filter>Source Files</Filter>
    </ClCompile>
    <ClCompile Include="Audio.cxx">
      <Filter>Source Files</Filter>
    </ClCompile>
    <ClCompile Include="Components\UISpriteComponent.cxx">
      <Filter>Source Files</Filter>
    </ClCompile>
    <ClCompile Include="JsonUtility.cxx">
      <Filter>Source Files</Filter>
    </ClCompile>
    <ClCompile Include="Random.cxx">
      <Filter>Source Files</Filter>
    </ClCompile>
    <ClCompile Include="UIPopUp.cxx">
      <Filter>Source Files</Filter>
    </ClCompile>
    <ClCompile Include="Components\GraphicComponent.cxx">
      <Filter>Source Files</Filter>
    </ClCompile>
    <ClCompile Include="Serialization.cxx">
      <Filter>Source Files</Filter>
    </ClCompile>
    <ClCompile Include="Components\ColliderComponent.cxx">
      <Filter>Source Files</Filter>
    </ClCompile>
  </ItemGroup>
</Project>