<?xml version="1.0" encoding="utf-8"?>
<Project ToolsVersion="4.0" xmlns="http://schemas.microsoft.com/developer/msbuild/2003">
  <ItemGroup>
    <ClCompile Include="..\Shared_Libs\MathCommon.cpp" />
    <ClCompile Include="..\Shared_Libs\Matrix2.cpp" />
    <ClCompile Include="..\Shared_Libs\Matrix3.cpp" />
    <ClCompile Include="..\Shared_Libs\Matrix4.cpp" />
    <ClCompile Include="..\Shared_Libs\Quaternion.cpp" />
    <ClCompile Include="..\Shared_Libs\Vector2.cpp" />
    <ClCompile Include="..\Shared_Libs\Vector3.cpp" />
    <ClCompile Include="..\Shared_Libs\Vector4.cpp" />
    <ClCompile Include="Include\ecs\ecs.cpp" />
    <ClCompile Include="main.cpp" />
    <ClCompile Include="Src\application.cpp" />
    <ClCompile Include="Src\components\cameraComponent.cpp" />
    <ClCompile Include="Src\components\collider.cpp" />
    <ClCompile Include="Src\components\componentHelperFunctions.cpp" />
    <ClCompile Include="Src\components\nameTag.cpp" />
    <ClCompile Include="Src\components\playerAttributes.cpp" />
    <ClCompile Include="Src\components\rigidBody.cpp" />
    <ClCompile Include="Src\components\sprite.cpp" />
    <ClCompile Include="Src\components\tag.cpp" />
    <ClCompile Include="Src\components\transform.cpp" />
    <ClCompile Include="Src\components\winData.cpp" />
    <ClCompile Include="Src\camera\camera.cpp" />
    <ClCompile Include="Src\Input.cpp" />
    <ClCompile Include="Src\Geometry\AABB.cpp" />
    <ClCompile Include="Src\Geometry\Geometry.cpp" />
    <ClCompile Include="Src\Geometry\Line.cpp" />
    <ClCompile Include="Src\Geometry\Plane.cpp" />
    <ClCompile Include="Src\Geometry\Ray.cpp" />
    <ClCompile Include="Src\Geometry\Sphere.cpp" />
    <ClCompile Include="Src\Geometry\Triangle.cpp" />
    <ClCompile Include="Src\memoryManager\memoryManager.cpp" />
    <ClCompile Include="Src\sceneManager\sceneManager.cpp" />
    <ClCompile Include="Src\sceneManager\serialization.cpp" />
    <ClCompile Include="Src\vulkanTools\vulkanDebugger.cpp" />
    <ClCompile Include="Src\vulkanTools\vulkanDevice.cpp" />
    <ClCompile Include="Src\vulkanTools\vulkanInstance.cpp" />
    <ClCompile Include="Src\vulkanTools\vulkanSwapChain.cpp" />
    <ClCompile Include="Src\windowswindow.cpp" />
    <ClCompile Include="Src\vulkanTools\vmaSetup.cpp" />
    <ClCompile Include="Src\imguiHelper\ImguiHelper.cpp" />
    <ClCompile Include="..\Dependencies\imgui\imgui_draw.cpp" />
    <ClCompile Include="..\Dependencies\imgui\imgui_impl_vulkan.cpp" />
    <ClCompile Include="..\Dependencies\imgui\imgui_impl_win32.cpp" />
    <ClCompile Include="..\Dependencies\imgui\imgui_tables.cpp" />
    <ClCompile Include="..\Dependencies\imgui\imgui_widgets.cpp" />
    <ClCompile Include="..\Dependencies\imgui\imgui.cpp" />
    <ClCompile Include="..\Dependencies\imgui\imgui_demo.cpp" />
    <ClCompile Include="Src\Animation\Pose.cpp" />
    <ClCompile Include="Src\Model\Skeleton.cpp" />
    <ClCompile Include="Src\Model\ModelTransform.cpp" />
    <ClCompile Include="Src\pch.cpp" />
    <ClCompile Include="Src\Physics\PhysicsSystem.cpp" />
    <ClCompile Include="Src\imguiHelper\ImguiAssetBrowser.cpp" />
    <ClCompile Include="Src\imguiHelper\ImguiHierarchy.cpp" />
    <ClCompile Include="Src\imguiHelper\ImguiProperties.cpp" />
    <ClCompile Include="Src\Logger\Logger.cpp" />
    <ClCompile Include="Src\ExceptionHandler\ExceptionHandler.cpp" />
    <ClCompile Include="Include\Identifier\GUID.cpp" />
    <ClCompile Include="Include\GraphicsResource\Model.cpp" />
    <ClCompile Include="Include\ResourceManagement\ResourceManager.cpp" />
    <ClCompile Include="Src\imguiHelper\ImguiSceneBrowser.cpp" />
  </ItemGroup>
  <ItemGroup>
    <ClInclude Include="..\Shared_Libs\MathCommon.h" />
    <ClInclude Include="..\Shared_Libs\Matrix2.h" />
    <ClInclude Include="..\Shared_Libs\Matrix3.h" />
    <ClInclude Include="..\Shared_Libs\Matrix4.h" />
    <ClInclude Include="..\Shared_Libs\Quaternion.h" />
    <ClInclude Include="..\Shared_Libs\TDSMath.h" />
    <ClInclude Include="..\Shared_Libs\Vector2.h" />
    <ClInclude Include="..\Shared_Libs\Vector3.h" />
    <ClInclude Include="..\Shared_Libs\Vector4.h" />
    <ClInclude Include="Include\application.h" />
    <ClInclude Include="Include\components\cameraComponent.h" />
    <ClInclude Include="Include\components\collider.h" />
    <ClInclude Include="Include\components\components.h" />
    <ClInclude Include="Include\components\iComponent.h" />
    <ClInclude Include="Include\components\nameTag.h" />
    <ClInclude Include="Include\components\playerAttributes.h" />
    <ClInclude Include="Include\components\rigidBody.h" />
    <ClInclude Include="Include\components\sprite.h" />
    <ClInclude Include="Include\components\tag.h" />
    <ClInclude Include="Include\components\transform.h" />
    <ClInclude Include="Include\components\winData.h" />
    <ClInclude Include="Include\camera\camera.h" />
    <ClInclude Include="Include\Input.h" />
    <ClInclude Include="Include\dotnet\ImportExport.h" />
    <ClInclude Include="Include\Geometry\AABB.h" />
    <ClInclude Include="Include\Geometry\Geometry.h" />
    <ClInclude Include="Include\Geometry\Line.h" />
    <ClInclude Include="Include\Geometry\Plane.h" />
    <ClInclude Include="Include\Geometry\Ray.h" />
    <ClInclude Include="Include\Geometry\Sphere.h" />
    <ClInclude Include="Include\Geometry\Triangle.h" />
    <ClInclude Include="Include\memoryManager\memoryManager.h" />
    <ClInclude Include="Include\sceneManager\sceneManager.h" />
    <ClInclude Include="Include\sceneManager\serialization.h" />
    <ClInclude Include="Include\vulkanTools\vulkanDebugger.h" />
    <ClInclude Include="Include\vulkanTools\vulkanDevice.h" />
    <ClInclude Include="Include\vulkanTools\vulkanInstance.h" />
    <ClInclude Include="Include\vulkanTools\vulkanSwapChain.h" />
    <ClInclude Include="Include\ecs\ecs.h" />
    <ClInclude Include="Include\ecs\ecs.hpp" />
    <ClInclude Include="Include\eventmanager\eventmanager.h" />
    <ClInclude Include="Include\eventmanager\eventmanager.hpp" />
    <ClInclude Include="Include\windowswindow.h" />
    <ClInclude Include="Include\vulkanTools\vmaSetup.h" />
    <ClInclude Include="Include\imguiHelper\ImguiHelper.h" />
    <ClInclude Include="Include\Animation\Pose.h" />
    <ClInclude Include="Include\Model\Skeleton.h" />
    <ClInclude Include="Include\Model\ModelTransform.h" />
    <ClInclude Include="Include\pch.h" />
    <ClInclude Include="Include\Physics\PhysicsSystem.h" />
    <ClInclude Include="Include\imguiHelper\ImguiAssetBrowser.h" />
    <ClInclude Include="Include\imguiHelper\ImguiFunctionHelper.h" />
    <ClInclude Include="Include\imguiHelper\ImguiHierarchy.h" />
    <ClInclude Include="Include\imguiHelper\ImguiProperties.h" />
    <ClInclude Include="Include\ecs\systems.h" />
  </ItemGroup>
  <ItemGroup>
    <None Include="imgui.ini" />
    <ClInclude Include="Include\Logger\Logger.h" />
    <ClInclude Include="Include\ExceptionHandler\ExceptionHandler.h" />
    <ClInclude Include="Include\Identifier\GUID.h" />
    <ClInclude Include="Include\Identifier\Identifier.h" />
    <ClInclude Include="Include\GraphicsResource\Geom.h" />
    <ClInclude Include="Include\GraphicsResource\GraphicsResourceDefines.h" />
    <ClInclude Include="Include\GraphicsResource\Material.h" />
    <ClInclude Include="Include\GraphicsResource\Model.h" />
    <ClInclude Include="Include\GraphicsResource\VertexInfo.h" />
    <ClInclude Include="Include\ResourceManagement\Resource.h" />
    <ClInclude Include="Include\ResourceManagement\ResourceManager.h" />
    <ClInclude Include="Include\ResourceManagement\ResourceRef.h" />
  </ItemGroup>
</Project>