
Microsoft Visual Studio Solution File, Format Version 12.00
# Visual Studio Version 17
VisualStudioVersion = 17.6.33829.357
MinimumVisualStudioVersion = 10.0.40219.1
Project("{8BC9CEB8-8B4A-11D0-8D11-00A0C91BC942}") = "GAM300Engine", "GAM300Engine.vcxproj", "{1956521E-F3B1-47CE-A25E-F9E4AA9598E0}"
EndProject
Project("{8BC9CEB8-8B4A-11D0-8D11-00A0C91BC942}") = "GAM300Editor", "..\GAM300Editor\GAM300Editor.vcxproj", "{293CFF31-8A8F-4235-8696-815F3DB23025}"
EndProject
Project("{8BC9CEB8-8B4A-11D0-8D11-00A0C91BC942}") = "GAM300Game", "..\GAM300Game\GAM300Game.vcxproj", "{C5CB13D2-28BA-45F2-A47D-715EFD30966F}"
	ProjectSection(ProjectDependencies) = postProject
		{1956521E-F3B1-47CE-A25E-F9E4AA9598E0} = {1956521E-F3B1-47CE-A25E-F9E4AA9598E0}
		{2461BCDF-6B2E-4C5D-9128-9939043C4F4D} = {2461BCDF-6B2E-4C5D-9128-9939043C4F4D}
		{EF52ABF8-B02A-4344-BD06-3DC8CB1331F7} = {EF52ABF8-B02A-4344-BD06-3DC8CB1331F7}
	EndProjectSection
EndProject
Project("{2150E333-8FDC-42A3-9474-1A3956D46DE8}") = "Solution Items", "Solution Items", "{411485A8-CF50-4888-9D60-65F6E9DF5471}"
	ProjectSection(SolutionItems) = preProject
		READMEBYELTON(SERIOUSLY READ IT).txt = READMEBYELTON(SERIOUSLY READ IT).txt
	EndProjectSection
EndProject
Project("{8BC9CEB8-8B4A-11D0-8D11-00A0C91BC942}") = "ScriptAPI", "..\ScriptAPI\ScriptAPI.vcxproj", "{EF52ABF8-B02A-4344-BD06-3DC8CB1331F7}"
EndProject
Project("{9A19103F-16F7-4668-BE54-9A1E7A4F7556}") = "ManagedScripts", "..\ManagedScripts\ManagedScripts.csproj", "{2461BCDF-6B2E-4C5D-9128-9939043C4F4D}"
EndProject
Global
	GlobalSection(SolutionConfigurationPlatforms) = preSolution
		Debug|Any CPU = Debug|Any CPU
		Debug|x64 = Debug|x64
		Debug|x86 = Debug|x86
		Release|Any CPU = Release|Any CPU
		Release|x64 = Release|x64
		Release|x86 = Release|x86
	EndGlobalSection
	GlobalSection(ProjectConfigurationPlatforms) = postSolution
		{1956521E-F3B1-47CE-A25E-F9E4AA9598E0}.Debug|Any CPU.ActiveCfg = Debug|x64
		{1956521E-F3B1-47CE-A25E-F9E4AA9598E0}.Debug|Any CPU.Build.0 = Debug|x64
		{1956521E-F3B1-47CE-A25E-F9E4AA9598E0}.Debug|x64.ActiveCfg = Debug|x64
		{1956521E-F3B1-47CE-A25E-F9E4AA9598E0}.Debug|x64.Build.0 = Debug|x64
		{1956521E-F3B1-47CE-A25E-F9E4AA9598E0}.Debug|x86.ActiveCfg = Debug|Win32
		{1956521E-F3B1-47CE-A25E-F9E4AA9598E0}.Debug|x86.Build.0 = Debug|Win32
		{1956521E-F3B1-47CE-A25E-F9E4AA9598E0}.Release|Any CPU.ActiveCfg = Release|x64
		{1956521E-F3B1-47CE-A25E-F9E4AA9598E0}.Release|Any CPU.Build.0 = Release|x64
		{1956521E-F3B1-47CE-A25E-F9E4AA9598E0}.Release|x64.ActiveCfg = Release|x64
		{1956521E-F3B1-47CE-A25E-F9E4AA9598E0}.Release|x64.Build.0 = Release|x64
		{1956521E-F3B1-47CE-A25E-F9E4AA9598E0}.Release|x86.ActiveCfg = Release|Win32
		{1956521E-F3B1-47CE-A25E-F9E4AA9598E0}.Release|x86.Build.0 = Release|Win32
		{293CFF31-8A8F-4235-8696-815F3DB23025}.Debug|Any CPU.ActiveCfg = Debug|x64
		{293CFF31-8A8F-4235-8696-815F3DB23025}.Debug|Any CPU.Build.0 = Debug|x64
		{293CFF31-8A8F-4235-8696-815F3DB23025}.Debug|x64.ActiveCfg = Debug|x64
		{293CFF31-8A8F-4235-8696-815F3DB23025}.Debug|x64.Build.0 = Debug|x64
		{293CFF31-8A8F-4235-8696-815F3DB23025}.Debug|x86.ActiveCfg = Debug|Win32
		{293CFF31-8A8F-4235-8696-815F3DB23025}.Debug|x86.Build.0 = Debug|Win32
		{293CFF31-8A8F-4235-8696-815F3DB23025}.Release|Any CPU.ActiveCfg = Release|x64
		{293CFF31-8A8F-4235-8696-815F3DB23025}.Release|Any CPU.Build.0 = Release|x64
		{293CFF31-8A8F-4235-8696-815F3DB23025}.Release|x64.ActiveCfg = Release|x64
		{293CFF31-8A8F-4235-8696-815F3DB23025}.Release|x64.Build.0 = Release|x64
		{293CFF31-8A8F-4235-8696-815F3DB23025}.Release|x86.ActiveCfg = Release|Win32
		{293CFF31-8A8F-4235-8696-815F3DB23025}.Release|x86.Build.0 = Release|Win32
		{C5CB13D2-28BA-45F2-A47D-715EFD30966F}.Debug|Any CPU.ActiveCfg = Debug|x64
		{C5CB13D2-28BA-45F2-A47D-715EFD30966F}.Debug|Any CPU.Build.0 = Debug|x64
		{C5CB13D2-28BA-45F2-A47D-715EFD30966F}.Debug|x64.ActiveCfg = Debug|x64
		{C5CB13D2-28BA-45F2-A47D-715EFD30966F}.Debug|x64.Build.0 = Debug|x64
		{C5CB13D2-28BA-45F2-A47D-715EFD30966F}.Debug|x86.ActiveCfg = Debug|Win32
		{C5CB13D2-28BA-45F2-A47D-715EFD30966F}.Debug|x86.Build.0 = Debug|Win32
		{C5CB13D2-28BA-45F2-A47D-715EFD30966F}.Release|Any CPU.ActiveCfg = Release|x64
		{C5CB13D2-28BA-45F2-A47D-715EFD30966F}.Release|Any CPU.Build.0 = Release|x64
		{C5CB13D2-28BA-45F2-A47D-715EFD30966F}.Release|x64.ActiveCfg = Release|x64
		{C5CB13D2-28BA-45F2-A47D-715EFD30966F}.Release|x64.Build.0 = Release|x64
		{C5CB13D2-28BA-45F2-A47D-715EFD30966F}.Release|x86.ActiveCfg = Release|Win32
		{C5CB13D2-28BA-45F2-A47D-715EFD30966F}.Release|x86.Build.0 = Release|Win32
		{EF52ABF8-B02A-4344-BD06-3DC8CB1331F7}.Debug|Any CPU.ActiveCfg = Debug|x64
		{EF52ABF8-B02A-4344-BD06-3DC8CB1331F7}.Debug|Any CPU.Build.0 = Debug|x64
		{EF52ABF8-B02A-4344-BD06-3DC8CB1331F7}.Debug|x64.ActiveCfg = Debug|x64
		{EF52ABF8-B02A-4344-BD06-3DC8CB1331F7}.Debug|x64.Build.0 = Debug|x64
		{EF52ABF8-B02A-4344-BD06-3DC8CB1331F7}.Debug|x86.ActiveCfg = Debug|Win32
		{EF52ABF8-B02A-4344-BD06-3DC8CB1331F7}.Debug|x86.Build.0 = Debug|Win32
		{EF52ABF8-B02A-4344-BD06-3DC8CB1331F7}.Release|Any CPU.ActiveCfg = Release|x64
		{EF52ABF8-B02A-4344-BD06-3DC8CB1331F7}.Release|Any CPU.Build.0 = Release|x64
		{EF52ABF8-B02A-4344-BD06-3DC8CB1331F7}.Release|x64.ActiveCfg = Release|x64
		{EF52ABF8-B02A-4344-BD06-3DC8CB1331F7}.Release|x64.Build.0 = Release|x64
		{EF52ABF8-B02A-4344-BD06-3DC8CB1331F7}.Release|x86.ActiveCfg = Release|Win32
		{EF52ABF8-B02A-4344-BD06-3DC8CB1331F7}.Release|x86.Build.0 = Release|Win32
		{2461BCDF-6B2E-4C5D-9128-9939043C4F4D}.Debug|Any CPU.ActiveCfg = Debug|Any CPU
		{2461BCDF-6B2E-4C5D-9128-9939043C4F4D}.Debug|Any CPU.Build.0 = Debug|Any CPU
		{2461BCDF-6B2E-4C5D-9128-9939043C4F4D}.Debug|x64.ActiveCfg = Debug|Any CPU
		{2461BCDF-6B2E-4C5D-9128-9939043C4F4D}.Debug|x64.Build.0 = Debug|Any CPU
		{2461BCDF-6B2E-4C5D-9128-9939043C4F4D}.Debug|x86.ActiveCfg = Debug|Any CPU
		{2461BCDF-6B2E-4C5D-9128-9939043C4F4D}.Debug|x86.Build.0 = Debug|Any CPU
		{2461BCDF-6B2E-4C5D-9128-9939043C4F4D}.Release|Any CPU.ActiveCfg = Release|Any CPU
		{2461BCDF-6B2E-4C5D-9128-9939043C4F4D}.Release|Any CPU.Build.0 = Release|Any CPU
		{2461BCDF-6B2E-4C5D-9128-9939043C4F4D}.Release|x64.ActiveCfg = Release|Any CPU
		{2461BCDF-6B2E-4C5D-9128-9939043C4F4D}.Release|x64.Build.0 = Release|Any CPU
		{2461BCDF-6B2E-4C5D-9128-9939043C4F4D}.Release|x86.ActiveCfg = Release|Any CPU
		{2461BCDF-6B2E-4C5D-9128-9939043C4F4D}.Release|x86.Build.0 = Release|Any CPU
	EndGlobalSection
	GlobalSection(SolutionProperties) = preSolution
		HideSolutionNode = FALSE
	EndGlobalSection
	GlobalSection(ExtensibilityGlobals) = postSolution
		SolutionGuid = {F8AB998B-F15E-435D-B79F-0D702FCF2083}
	EndGlobalSection
EndGlobal
